
Microsoft Visual Studio Solution File, Format Version 12.00
# Visual Studio Version 16
VisualStudioVersion = 16.0.31702.278
MinimumVisualStudioVersion = 10.0.40219.1
Project("{FAE04EC0-301F-11D3-BF4B-00C04F79EFBC}") = "1911061393_NguyenTranMinhQuan_Lap7", "1911061393_NguyenTranMinhQuan_Lap7\1911061393_NguyenTranMinhQuan_Lap7.csproj", "{3044CBEF-BFB0-4EF7-A999-51F8E0C9842E}"
EndProject
Global
	GlobalSection(SolutionConfigurationPlatforms) = preSolution
		Debug|Any CPU = Debug|Any CPU
		Release|Any CPU = Release|Any CPU
	EndGlobalSection
	GlobalSection(ProjectConfigurationPlatforms) = postSolution
		{3044CBEF-BFB0-4EF7-A999-51F8E0C9842E}.Debug|Any CPU.ActiveCfg = Debug|Any CPU
		{3044CBEF-BFB0-4EF7-A999-51F8E0C9842E}.Debug|Any CPU.Build.0 = Debug|Any CPU
		{3044CBEF-BFB0-4EF7-A999-51F8E0C9842E}.Release|Any CPU.ActiveCfg = Release|Any CPU
		{3044CBEF-BFB0-4EF7-A999-51F8E0C9842E}.Release|Any CPU.Build.0 = Release|Any CPU
	EndGlobalSection
	GlobalSection(SolutionProperties) = preSolution
		HideSolutionNode = FALSE
	EndGlobalSection
	GlobalSection(ExtensibilityGlobals) = postSolution
		SolutionGuid = {FF32C765-9DF1-443C-9478-DA14C39AB731}
	EndGlobalSection
EndGlobal
